{
  "version": 4,
  "terraform_version": "1.9.2",
  "serial": 51,
  "lineage": "b98aea81-4545-fa22-301c-37c8654cc9f9",
  "outputs": {},
  "resources": [
    {
      "mode": "managed",
      "type": "yandex_vpc_network",
      "name": "network-1",
      "provider": "provider[\"registry.terraform.io/yandex-cloud/yandex\"]",
      "instances": [
        {
          "schema_version": 0,
          "attributes": {
            "created_at": "2025-01-29T12:57:30Z",
            "default_security_group_id": "enpv0n2usrtoj8pn44ro",
            "description": "",
            "folder_id": "b1g621slj6r141ufcvk8",
            "id": "enpcm71nbh0r8l7q3ue8",
            "labels": {},
            "name": "network1",
            "subnet_ids": [
              "e9b7kmjg1hr1ensosgdv"
            ],
            "timeouts": null
          },
          "sensitive_attributes": [],
          "private": "eyJlMmJmYjczMC1lY2FhLTExZTYtOGY4OC0zNDM2M2JjN2M0YzAiOnsiY3JlYXRlIjo2MDAwMDAwMDAwMCwiZGVsZXRlIjo2MDAwMDAwMDAwMCwidXBkYXRlIjo2MDAwMDAwMDAwMH19"
        }
      ]
    },
    {
      "mode": "managed",
      "type": "yandex_vpc_subnet",
      "name": "subnet-1",
      "provider": "provider[\"registry.terraform.io/yandex-cloud/yandex\"]",
      "instances": [
        {
          "schema_version": 0,
          "attributes": {
            "created_at": "2025-01-29T12:57:33Z",
            "description": "",
            "dhcp_options": [],
            "folder_id": "b1g621slj6r141ufcvk8",
            "id": "e9b7kmjg1hr1ensosgdv",
            "labels": {},
            "name": "subnet1",
            "network_id": "enpcm71nbh0r8l7q3ue8",
            "route_table_id": "",
            "timeouts": null,
            "v4_cidr_blocks": [
              "192.168.10.0/24"
            ],
            "v6_cidr_blocks": [],
            "zone": "ru-central1-a"
          },
          "sensitive_attributes": [],
          "private": "eyJlMmJmYjczMC1lY2FhLTExZTYtOGY4OC0zNDM2M2JjN2M0YzAiOnsiY3JlYXRlIjoxODAwMDAwMDAwMDAsImRlbGV0ZSI6MTgwMDAwMDAwMDAwLCJ1cGRhdGUiOjE4MDAwMDAwMDAwMH19",
          "dependencies": [
            "yandex_vpc_network.network-1"
          ]
        }
      ]
    }
  ],
  "check_results": null
}
